
Microsoft Visual Studio Solution File, Format Version 12.00
# Visual Studio Version 16
VisualStudioVersion = 16.0.35130.168
MinimumVisualStudioVersion = 10.0.40219.1
Project("{FAE04EC0-301F-11D3-BF4B-00C04F79EFBC}") = "ADONET4ConsoleApp", "ADONET4ConsoleApp\ADONET4ConsoleApp.csproj", "{8C7D1623-A0FE-4D79-BE75-0299E13ECCE7}"
EndProject
Global
	GlobalSection(SolutionConfigurationPlatforms) = preSolution
		Debug|Any CPU = Debug|Any CPU
		Release|Any CPU = Release|Any CPU
	EndGlobalSection
	GlobalSection(ProjectConfigurationPlatforms) = postSolution
		{8C7D1623-A0FE-4D79-BE75-0299E13ECCE7}.Debug|Any CPU.ActiveCfg = Debug|Any CPU
		{8C7D1623-A0FE-4D79-BE75-0299E13ECCE7}.Debug|Any CPU.Build.0 = Debug|Any CPU
		{8C7D1623-A0FE-4D79-BE75-0299E13ECCE7}.Release|Any CPU.ActiveCfg = Release|Any CPU
		{8C7D1623-A0FE-4D79-BE75-0299E13ECCE7}.Release|Any CPU.Build.0 = Release|Any CPU
	EndGlobalSection
	GlobalSection(SolutionProperties) = preSolution
		HideSolutionNode = FALSE
	EndGlobalSection
	GlobalSection(ExtensibilityGlobals) = postSolution
		SolutionGuid = {904D7D30-B086-46D3-92D2-2B38B65FE96B}
	EndGlobalSection
EndGlobal
